
Microsoft Visual Studio Solution File, Format Version 12.00
# Visual Studio Version 17
VisualStudioVersion = 17.10.35027.167
MinimumVisualStudioVersion = 10.0.40219.1
Project("{FAE04EC0-301F-11D3-BF4B-00C04F79EFBC}") = "TimeMath", "TimeMath\TimeMath.csproj", "{EF112F6F-158A-4487-ADF3-F9A6A76BA056}"
EndProject
Global
	GlobalSection(SolutionConfigurationPlatforms) = preSolution
		Debug|Any CPU = Debug|Any CPU
		Release|Any CPU = Release|Any CPU
	EndGlobalSection
	GlobalSection(ProjectConfigurationPlatforms) = postSolution
		{EF112F6F-158A-4487-ADF3-F9A6A76BA056}.Debug|Any CPU.ActiveCfg = Debug|Any CPU
		{EF112F6F-158A-4487-ADF3-F9A6A76BA056}.Debug|Any CPU.Build.0 = Debug|Any CPU
		{EF112F6F-158A-4487-ADF3-F9A6A76BA056}.Release|Any CPU.ActiveCfg = Release|Any CPU
		{EF112F6F-158A-4487-ADF3-F9A6A76BA056}.Release|Any CPU.Build.0 = Release|Any CPU
	EndGlobalSection
	GlobalSection(SolutionProperties) = preSolution
		HideSolutionNode = FALSE
	EndGlobalSection
	GlobalSection(ExtensibilityGlobals) = postSolution
		SolutionGuid = {140F56F9-4AE6-445B-B368-36F841B32EE4}
	EndGlobalSection
EndGlobal
