
Microsoft Visual Studio Solution File, Format Version 12.00
# Visual Studio Version 17
VisualStudioVersion = 17.10.35027.167
MinimumVisualStudioVersion = 10.0.40219.1
Project("{FAE04EC0-301F-11D3-BF4B-00C04F79EFBC}") = "Delegate_Logger", "Delegate_Logger\Delegate_Logger.csproj", "{2AC5D8B2-2AB8-432E-82D9-7049E12B0BBB}"
EndProject
Global
	GlobalSection(SolutionConfigurationPlatforms) = preSolution
		Debug|Any CPU = Debug|Any CPU
		Release|Any CPU = Release|Any CPU
	EndGlobalSection
	GlobalSection(ProjectConfigurationPlatforms) = postSolution
		{2AC5D8B2-2AB8-432E-82D9-7049E12B0BBB}.Debug|Any CPU.ActiveCfg = Debug|Any CPU
		{2AC5D8B2-2AB8-432E-82D9-7049E12B0BBB}.Debug|Any CPU.Build.0 = Debug|Any CPU
		{2AC5D8B2-2AB8-432E-82D9-7049E12B0BBB}.Release|Any CPU.ActiveCfg = Release|Any CPU
		{2AC5D8B2-2AB8-432E-82D9-7049E12B0BBB}.Release|Any CPU.Build.0 = Release|Any CPU
	EndGlobalSection
	GlobalSection(SolutionProperties) = preSolution
		HideSolutionNode = FALSE
	EndGlobalSection
	GlobalSection(ExtensibilityGlobals) = postSolution
		SolutionGuid = {6F41C38A-701C-47FB-92DD-52BE789E7B99}
	EndGlobalSection
EndGlobal
