
Microsoft Visual Studio Solution File, Format Version 12.00
# Visual Studio Version 17
VisualStudioVersion = 17.10.35027.167
MinimumVisualStudioVersion = 10.0.40219.1
Project("{FAE04EC0-301F-11D3-BF4B-00C04F79EFBC}") = "MortgageCalculator", "MortgageCalculator\MortgageCalculator.csproj", "{A494E8AF-6212-415E-8939-423FC0C2BA1A}"
EndProject
Global
	GlobalSection(SolutionConfigurationPlatforms) = preSolution
		Debug|Any CPU = Debug|Any CPU
		Release|Any CPU = Release|Any CPU
	EndGlobalSection
	GlobalSection(ProjectConfigurationPlatforms) = postSolution
		{A494E8AF-6212-415E-8939-423FC0C2BA1A}.Debug|Any CPU.ActiveCfg = Debug|Any CPU
		{A494E8AF-6212-415E-8939-423FC0C2BA1A}.Debug|Any CPU.Build.0 = Debug|Any CPU
		{A494E8AF-6212-415E-8939-423FC0C2BA1A}.Release|Any CPU.ActiveCfg = Release|Any CPU
		{A494E8AF-6212-415E-8939-423FC0C2BA1A}.Release|Any CPU.Build.0 = Release|Any CPU
	EndGlobalSection
	GlobalSection(SolutionProperties) = preSolution
		HideSolutionNode = FALSE
	EndGlobalSection
	GlobalSection(ExtensibilityGlobals) = postSolution
		SolutionGuid = {30978087-0C02-4701-B21F-36603D0191C0}
	EndGlobalSection
EndGlobal
