
Microsoft Visual Studio Solution File, Format Version 12.00
# Visual Studio Version 17
VisualStudioVersion = 17.10.35027.167
MinimumVisualStudioVersion = 10.0.40219.1
Project("{FAE04EC0-301F-11D3-BF4B-00C04F79EFBC}") = "PaymentProcessingApp", "PaymentProcessingApp\PaymentProcessingApp.csproj", "{20E27E9B-0BE3-456F-B726-277D23D89147}"
EndProject
Global
	GlobalSection(SolutionConfigurationPlatforms) = preSolution
		Debug|Any CPU = Debug|Any CPU
		Release|Any CPU = Release|Any CPU
	EndGlobalSection
	GlobalSection(ProjectConfigurationPlatforms) = postSolution
		{20E27E9B-0BE3-456F-B726-277D23D89147}.Debug|Any CPU.ActiveCfg = Debug|Any CPU
		{20E27E9B-0BE3-456F-B726-277D23D89147}.Debug|Any CPU.Build.0 = Debug|Any CPU
		{20E27E9B-0BE3-456F-B726-277D23D89147}.Release|Any CPU.ActiveCfg = Release|Any CPU
		{20E27E9B-0BE3-456F-B726-277D23D89147}.Release|Any CPU.Build.0 = Release|Any CPU
	EndGlobalSection
	GlobalSection(SolutionProperties) = preSolution
		HideSolutionNode = FALSE
	EndGlobalSection
	GlobalSection(ExtensibilityGlobals) = postSolution
		SolutionGuid = {8CAB17BA-9B8D-44D8-86B1-09F1B6373F07}
	EndGlobalSection
EndGlobal
