
Microsoft Visual Studio Solution File, Format Version 12.00
# Visual Studio Version 17
VisualStudioVersion = 17.10.35027.167
MinimumVisualStudioVersion = 10.0.40219.1
Project("{FAE04EC0-301F-11D3-BF4B-00C04F79EFBC}") = "LINQandStrings", "LINQandStrings\LINQandStrings.csproj", "{BF8607A1-E3A4-4CC0-9A7F-1914922F9AF3}"
EndProject
Global
	GlobalSection(SolutionConfigurationPlatforms) = preSolution
		Debug|Any CPU = Debug|Any CPU
		Release|Any CPU = Release|Any CPU
	EndGlobalSection
	GlobalSection(ProjectConfigurationPlatforms) = postSolution
		{BF8607A1-E3A4-4CC0-9A7F-1914922F9AF3}.Debug|Any CPU.ActiveCfg = Debug|Any CPU
		{BF8607A1-E3A4-4CC0-9A7F-1914922F9AF3}.Debug|Any CPU.Build.0 = Debug|Any CPU
		{BF8607A1-E3A4-4CC0-9A7F-1914922F9AF3}.Release|Any CPU.ActiveCfg = Release|Any CPU
		{BF8607A1-E3A4-4CC0-9A7F-1914922F9AF3}.Release|Any CPU.Build.0 = Release|Any CPU
	EndGlobalSection
	GlobalSection(SolutionProperties) = preSolution
		HideSolutionNode = FALSE
	EndGlobalSection
	GlobalSection(ExtensibilityGlobals) = postSolution
		SolutionGuid = {DA8B8212-D5DB-491F-9608-3F4FE3D1D3C6}
	EndGlobalSection
EndGlobal
