
Microsoft Visual Studio Solution File, Format Version 12.00
# Visual Studio Version 17
VisualStudioVersion = 17.10.35027.167
MinimumVisualStudioVersion = 10.0.40219.1
Project("{FAE04EC0-301F-11D3-BF4B-00C04F79EFBC}") = "ProcessTestScores", "ProcessTestScores\ProcessTestScores.csproj", "{AF45A659-F212-4EC9-BE29-20954A1B5744}"
EndProject
Global
	GlobalSection(SolutionConfigurationPlatforms) = preSolution
		Debug|Any CPU = Debug|Any CPU
		Release|Any CPU = Release|Any CPU
	EndGlobalSection
	GlobalSection(ProjectConfigurationPlatforms) = postSolution
		{AF45A659-F212-4EC9-BE29-20954A1B5744}.Debug|Any CPU.ActiveCfg = Debug|Any CPU
		{AF45A659-F212-4EC9-BE29-20954A1B5744}.Debug|Any CPU.Build.0 = Debug|Any CPU
		{AF45A659-F212-4EC9-BE29-20954A1B5744}.Release|Any CPU.ActiveCfg = Release|Any CPU
		{AF45A659-F212-4EC9-BE29-20954A1B5744}.Release|Any CPU.Build.0 = Release|Any CPU
	EndGlobalSection
	GlobalSection(SolutionProperties) = preSolution
		HideSolutionNode = FALSE
	EndGlobalSection
	GlobalSection(ExtensibilityGlobals) = postSolution
		SolutionGuid = {4959ECE9-CB13-4732-867E-57790F932AA1}
	EndGlobalSection
EndGlobal
